// !$*UTF8*$!
{
	archiveVersion = 1;
	classes = {
	};
	objectVersion = 46;
	objects = {

/* Begin PBXBuildFile section */
		7934F8861E5DC205007DDB0D /* AppDelegate.swift in Sources */ = {isa = PBXBuildFile; fileRef = 7934F8851E5DC205007DDB0D /* AppDelegate.swift */; };
		7934F88B1E5DC205007DDB0D /* Main.storyboard in Resources */ = {isa = PBXBuildFile; fileRef = 7934F8891E5DC205007DDB0D /* Main.storyboard */; };
		7934F88D1E5DC205007DDB0D /* Assets.xcassets in Resources */ = {isa = PBXBuildFile; fileRef = 7934F88C1E5DC205007DDB0D /* Assets.xcassets */; };
		7934F8901E5DC205007DDB0D /* LaunchScreen.storyboard in Resources */ = {isa = PBXBuildFile; fileRef = 7934F88E1E5DC205007DDB0D /* LaunchScreen.storyboard */; };
		7934F8981E5DC2B5007DDB0D /* MyTableViewController.swift in Sources */ = {isa = PBXBuildFile; fileRef = 7934F8971E5DC2B5007DDB0D /* MyTableViewController.swift */; };
		7934F89A1E5DC33F007DDB0D /* myTableViewCell.swift in Sources */ = {isa = PBXBuildFile; fileRef = 7934F8991E5DC33F007DDB0D /* myTableViewCell.swift */; };
		7934F89C1E5DC79A007DDB0D /* NewViewController.swift in Sources */ = {isa = PBXBuildFile; fileRef = 7934F89B1E5DC79A007DDB0D /* NewViewController.swift */; };
/* End PBXBuildFile section */

/* Begin PBXFileReference section */
		7934F8821E5DC205007DDB0D /* examNSUSerDefaults.app */ = {isa = PBXFileReference; explicitFileType = wrapper.application; includeInIndex = 0; path = examNSUSerDefaults.app; sourceTree = BUILT_PRODUCTS_DIR; };
		7934F8851E5DC205007DDB0D /* AppDelegate.swift */ = {isa = PBXFileReference; lastKnownFileType = sourcecode.swift; path = AppDelegate.swift; sourceTree = "<group>"; };
		7934F88A1E5DC205007DDB0D /* Base */ = {isa = PBXFileReference; lastKnownFileType = file.storyboard; name = Base; path = Base.lproj/Main.storyboard; sourceTree = "<group>"; };
		7934F88C1E5DC205007DDB0D /* Assets.xcassets */ = {isa = PBXFileReference; lastKnownFileType = folder.assetcatalog; path = Assets.xcassets; sourceTree = "<group>"; };
		7934F88F1E5DC205007DDB0D /* Base */ = {isa = PBXFileReference; lastKnownFileType = file.storyboard; name = Base; path = Base.lproj/LaunchScreen.storyboard; sourceTree = "<group>"; };
		7934F8911E5DC205007DDB0D /* Info.plist */ = {isa = PBXFileReference; lastKnownFileType = text.plist.xml; path = Info.plist; sourceTree = "<group>"; };
		7934F8971E5DC2B5007DDB0D /* MyTableViewController.swift */ = {isa = PBXFileReference; fileEncoding = 4; lastKnownFileType = sourcecode.swift; path = MyTableViewController.swift; sourceTree = "<group>"; };
		7934F8991E5DC33F007DDB0D /* myTableViewCell.swift */ = {isa = PBXFileReference; fileEncoding = 4; lastKnownFileType = sourcecode.swift; path = myTableViewCell.swift; sourceTree = "<group>"; };
		7934F89B1E5DC79A007DDB0D /* NewViewController.swift */ = {isa = PBXFileReference; fileEncoding = 4; lastKnownFileType = sourcecode.swift; path = NewViewController.swift; sourceTree = "<group>"; };
/* End PBXFileReference section */

/* Begin PBXFrameworksBuildPhase section */
		7934F87F1E5DC205007DDB0D /* Frameworks */ = {
			isa = PBXFrameworksBuildPhase;
			buildActionMask = 2147483647;
			files = (
			);
			runOnlyForDeploymentPostprocessing = 0;
		};
/* End PBXFrameworksBuildPhase section */

/* Begin PBXGroup section */
		7934F8791E5DC205007DDB0D = {
			isa = PBXGroup;
			children = (
				7934F8841E5DC205007DDB0D /* examNSUSerDefaults */,
				7934F8831E5DC205007DDB0D /* Products */,
			);
			sourceTree = "<group>";
		};
		7934F8831E5DC205007DDB0D /* Products */ = {
			isa = PBXGroup;
			children = (
				7934F8821E5DC205007DDB0D /* examNSUSerDefaults.app */,
			);
			name = Products;
			sourceTree = "<group>";
		};
		7934F8841E5DC205007DDB0D /* examNSUSerDefaults */ = {
			isa = PBXGroup;
			children = (
				7934F8851E5DC205007DDB0D /* AppDelegate.swift */,
				7934F8891E5DC205007DDB0D /* Main.storyboard */,
				7934F88C1E5DC205007DDB0D /* Assets.xcassets */,
				7934F88E1E5DC205007DDB0D /* LaunchScreen.storyboard */,
				7934F8911E5DC205007DDB0D /* Info.plist */,
				7934F8971E5DC2B5007DDB0D /* MyTableViewController.swift */,
				7934F8991E5DC33F007DDB0D /* myTableViewCell.swift */,
				7934F89B1E5DC79A007DDB0D /* NewViewController.swift */,
			);
			path = examNSUSerDefaults;
			sourceTree = "<group>";
		};
/* End PBXGroup section */

/* Begin PBXNativeTarget section */
		7934F8811E5DC205007DDB0D /* examNSUSerDefaults */ = {
			isa = PBXNativeTarget;
			buildConfigurationList = 7934F8941E5DC205007DDB0D /* Build configuration list for PBXNativeTarget "examNSUSerDefaults" */;
			buildPhases = (
				7934F87E1E5DC205007DDB0D /* Sources */,
				7934F87F1E5DC205007DDB0D /* Frameworks */,
				7934F8801E5DC205007DDB0D /* Resources */,
			);
			buildRules = (
			);
			dependencies = (
			);
			name = examNSUSerDefaults;
			productName = examNSUSerDefaults;
			productReference = 7934F8821E5DC205007DDB0D /* examNSUSerDefaults.app */;
			productType = "com.apple.product-type.application";
		};
/* End PBXNativeTarget section */

/* Begin PBXProject section */
		7934F87A1E5DC205007DDB0D /* Project object */ = {
			isa = PBXProject;
			attributes = {
				LastSwiftUpdateCheck = 0810;
				LastUpgradeCheck = 0820;
				ORGANIZATIONNAME = appface;
				TargetAttributes = {
					7934F8811E5DC205007DDB0D = {
						CreatedOnToolsVersion = 8.1;
						DevelopmentTeam = AFP4M87R96;
						ProvisioningStyle = Automatic;
					};
				};
			};
			buildConfigurationList = 7934F87D1E5DC205007DDB0D /* Build configuration list for PBXProject "examNSUSerDefaults" */;
			compatibilityVersion = "Xcode 3.2";
			developmentRegion = English;
			hasScannedForEncodings = 0;
			knownRegions = (
				en,
				Base,
			);
			mainGroup = 7934F8791E5DC205007DDB0D;
			productRefGroup = 7934F8831E5DC205007DDB0D /* Products */;
			projectDirPath = "";
			projectRoot = "";
			targets = (
				7934F8811E5DC205007DDB0D /* examNSUSerDefaults */,
			);
		};
/* End PBXProject section */

/* Begin PBXResourcesBuildPhase section */
		7934F8801E5DC205007DDB0D /* Resources */ = {
			isa = PBXResourcesBuildPhase;
			buildActionMask = 2147483647;
			files = (
				7934F8901E5DC205007DDB0D /* LaunchScreen.storyboard in Resources */,
				7934F88D1E5DC205007DDB0D /* Assets.xcassets in Resources */,
				7934F88B1E5DC205007DDB0D /* Main.storyboard in Resources */,
			);
			runOnlyForDeploymentPostprocessing = 0;
		};
/* End PBXResourcesBuildPhase section */

/* Begin PBXSourcesBuildPhase section */
		7934F87E1E5DC205007DDB0D /* Sources */ = {
			isa = PBXSourcesBuildPhase;
			buildActionMask = 2147483647;
			files = (
				7934F8861E5DC205007DDB0D /* AppDelegate.swift in Sources */,
				7934F8981E5DC2B5007DDB0D /* MyTableViewController.swift in Sources */,
				7934F89A1E5DC33F007DDB0D /* myTableViewCell.swift in Sources */,
				7934F89C1E5DC79A007DDB0D /* NewViewController.swift in Sources */,
			);
			runOnlyForDeploymentPostprocessing = 0;
		};
/* End PBXSourcesBuildPhase section */

/* Begin PBXVariantGroup section */
		7934F8891E5DC205007DDB0D /* Main.storyboard */ = {
			isa = PBXVariantGroup;
			children = (
				7934F88A1E5DC205007DDB0D /* Base */,
			);
			name = Main.storyboard;
			sourceTree = "<group>";
		};
		7934F88E1E5DC205007DDB0D /* LaunchScreen.storyboard */ = {
			isa = PBXVariantGroup;
			children = (
				7934F88F1E5DC205007DDB0D /* Base */,
			);
			name = LaunchScreen.storyboard;
			sourceTree = "<group>";
		};
/* End PBXVariantGroup section */

/* Begin XCBuildConfiguration section */
		7934F8921E5DC205007DDB0D /* Debug */ = {
			isa = XCBuildConfiguration;
			buildSettings = {
				ALWAYS_SEARCH_USER_PATHS = NO;
				CLANG_ANALYZER_NONNULL = YES;
				CLANG_CXX_LANGUAGE_STANDARD = "gnu++0x";
				CLANG_CXX_LIBRARY = "libc++";
				CLANG_ENABLE_MODULES = YES;
				CLANG_ENABLE_OBJC_ARC = YES;
				CLANG_WARN_BOOL_CONVERSION = YES;
				CLANG_WARN_CONSTANT_CONVERSION = YES;
				CLANG_WARN_DIRECT_OBJC_ISA_USAGE = YES_ERROR;
				CLANG_WARN_DOCUMENTATION_COMMENTS = YES;
				CLANG_WARN_EMPTY_BODY = YES;
				CLANG_WARN_ENUM_CONVERSION = YES;
				CLANG_WARN_INFINITE_RECURSION = YES;
				CLANG_WARN_INT_CONVERSION = YES;
				CLANG_WARN_OBJC_ROOT_CLASS = YES_ERROR;
				CLANG_WARN_SUSPICIOUS_MOVE = YES;
				CLANG_WARN_SUSPICIOUS_MOVES = YES;
				CLANG_WARN_UNREACHABLE_CODE = YES;
				CLANG_WARN__DUPLICATE_METHOD_MATCH = YES;
				CODE_SIGN_IDENTITY = "iPhone Developer";
				"CODE_SIGN_IDENTITY[sdk=iphoneos*]" = "iPhone Developer";
				COPY_PHASE_STRIP = NO;
				DEBUG_INFORMATION_FORMAT = dwarf;
				ENABLE_STRICT_OBJC_MSGSEND = YES;
				ENABLE_TESTABILITY = YES;
				GCC_C_LANGUAGE_STANDARD = gnu99;
				GCC_DYNAMIC_NO_PIC = NO;
				GCC_NO_COMMON_BLOCKS = YES;
				GCC_OPTIMIZATION_LEVEL = 0;
				GCC_PREPROCESSOR_DEFINITIONS = (
					"DEBUG=1",
					"$(inherited)",
				);
				GCC_WARN_64_TO_32_BIT_CONVERSION = YES;
				GCC_WARN_ABOUT_RETURN_TYPE = YES_ERROR;
				GCC_WARN_UNDECLARED_SELECTOR = YES;
				GCC_WARN_UNINITIALIZED_AUTOS = YES_AGGRESSIVE;
				GCC_WARN_UNUSED_FUNCTION = YES;
				GCC_WARN_UNUSED_VARIABLE = YES;
				IPHONEOS_DEPLOYMENT_TARGET = 10.1;
				MTL_ENABLE_DEBUG_INFO = YES;
				ONLY_ACTIVE_ARCH = YES;
				SDKROOT = iphoneos;
				SWIFT_ACTIVE_COMPILATION_CONDITIONS = DEBUG;
				SWIFT_OPTIMIZATION_LEVEL = "-Onone";
				TARGETED_DEVICE_FAMILY = "1,2";
			};
			name = Debug;
		};
		7934F8931E5DC205007DDB0D /* Release */ = {
			isa = XCBuildConfiguration;
			buildSettings = {
				ALWAYS_SEARCH_USER_PATHS = NO;
				CLANG_ANALYZER_NONNULL = YES;
				CLANG_CXX_LANGUAGE_STANDARD = "gnu++0x";
				CLANG_CXX_LIBRARY = "libc++";
				CLANG_ENABLE_MODULES = YES;
				CLANG_ENABLE_OBJC_ARC = YES;
				CLANG_WARN_BOOL_CONVERSION = YES;
				CLANG_WARN_CONSTANT_CONVERSION = YES;
				CLANG_WARN_DIRECT_OBJC_ISA_USAGE = YES_ERROR;
				CLANG_WARN_DOCUMENTATION_COMMENTS = YES;
				CLANG_WARN_EMPTY_BODY = YES;
				CLANG_WARN_ENUM_CONVERSION = YES;
				CLANG_WARN_INFINITE_RECURSION = YES;
				CLANG_WARN_INT_CONVERSION = YES;
				CLANG_WARN_OBJC_ROOT_CLASS = YES_ERROR;
				CLANG_WARN_SUSPICIOUS_MOVE = YES;
				CLANG_WARN_SUSPICIOUS_MOVES = YES;
				CLANG_WARN_UNREACHABLE_CODE = YES;
				CLANG_WARN__DUPLICATE_METHOD_MATCH = YES;
				CODE_SIGN_IDENTITY = "iPhone Developer";
				"CODE_SIGN_IDENTITY[sdk=iphoneos*]" = "iPhone Developer";
				COPY_PHASE_STRIP = NO;
				DEBUG_INFORMATION_FORMAT = "dwarf-with-dsym";
				ENABLE_NS_ASSERTIONS = NO;
				ENABLE_STRICT_OBJC_MSGSEND = YES;
				GCC_C_LANGUAGE_STANDARD = gnu99;
				GCC_NO_COMMON_BLOCKS = YES;
				GCC_WARN_64_TO_32_BIT_CONVERSION = YES;
				GCC_WARN_ABOUT_RETURN_TYPE = YES_ERROR;
				GCC_WARN_UNDECLARED_SELECTOR = YES;
				GCC_WARN_UNINITIALIZED_AUTOS = YES_AGGRESSIVE;
				GCC_WARN_UNUSED_FUNCTION = YES;
				GCC_WARN_UNUSED_VARIABLE = YES;
				IPHONEOS_DEPLOYMENT_TARGET = 10.1;
				MTL_ENABLE_DEBUG_INFO = NO;
				SDKROOT = iphoneos;
				SWIFT_OPTIMIZATION_LEVEL = "-Owholemodule";
				TARGETED_DEVICE_FAMILY = "1,2";
				VALIDATE_PRODUCT = YES;
			};
			name = Release;
		};
		7934F8951E5DC205007DDB0D /* Debug */ = {
			isa = XCBuildConfiguration;
			buildSettings = {
				ASSETCATALOG_COMPILER_APPICON_NAME = AppIcon;
				DEVELOPMENT_TEAM = AFP4M87R96;
				INFOPLIST_FILE = examNSUSerDefaults/Info.plist;
				LD_RUNPATH_SEARCH_PATHS = "$(inherited) @executable_path/Frameworks";
				PRODUCT_BUNDLE_IDENTIFIER = in.appface.examNSUSerDefaults;
				PRODUCT_NAME = "$(TARGET_NAME)";
				SWIFT_VERSION = 3.0;
			};
			name = Debug;
		};
		7934F8961E5DC205007DDB0D /* Release */ = {
			isa = XCBuildConfiguration;
			buildSettings = {
				ASSETCATALOG_COMPILER_APPICON_NAME = AppIcon;
				DEVELOPMENT_TEAM = AFP4M87R96;
				INFOPLIST_FILE = examNSUSerDefaults/Info.plist;
				LD_RUNPATH_SEARCH_PATHS = "$(inherited) @executable_path/Frameworks";
				PRODUCT_BUNDLE_IDENTIFIER = in.appface.examNSUSerDefaults;
				PRODUCT_NAME = "$(TARGET_NAME)";
				SWIFT_VERSION = 3.0;
			};
			name = Release;
		};
/* End XCBuildConfiguration section */

/* Begin XCConfigurationList section */
		7934F87D1E5DC205007DDB0D /* Build configuration list for PBXProject "examNSUSerDefaults" */ = {
			isa = XCConfigurationList;
			buildConfigurations = (
				7934F8921E5DC205007DDB0D /* Debug */,
				7934F8931E5DC205007DDB0D /* Release */,
			);
			defaultConfigurationIsVisible = 0;
			defaultConfigurationName = Release;
		};
		7934F8941E5DC205007DDB0D /* Build configuration list for PBXNativeTarget "examNSUSerDefaults" */ = {
			isa = XCConfigurationList;
			buildConfigurations = (
				7934F8951E5DC205007DDB0D /* Debug */,
				7934F8961E5DC205007DDB0D /* Release */,
			);
			defaultConfigurationIsVisible = 0;
			defaultConfigurationName = Release;
		};
/* End XCConfigurationList section */
	};
	rootObject = 7934F87A1E5DC205007DDB0D /* Project object */;
}
